{
  "name": "ctrl-c",
  "version": "2.3.3",
  "lockfileVersion": 3,
  "requires": true,
  "packages": {
    "": {
      "name": "ctrl-c",
      "version": "2.3.3",
      "license": "MIT",
      "dependencies": {
        "keypress": "^0.2.1"
      },
      "devDependencies": {}
    },
    "node_modules/keypress": {
      "version": "0.2.1",
      "resolved": "https://registry.npmjs.org/keypress/-/keypress-0.2.1.tgz",
      "integrity": "sha1-HoBFQlABjbrUw/6USX1uZ7YmnHc="
    }
  }
}
